
Microsoft Visual Studio Solution File, Format Version 12.00
# Visual Studio 15
VisualStudioVersion = 15.0.26730.16
MinimumVisualStudioVersion = 10.0.40219.1
Project("{FAE04EC0-301F-11D3-BF4B-00C04F79EFBC}") = "Svenkle.TeamCityBuildLight.Infrastructure", "src\Svenkle.TeamCityBuildLight.Infrastructure\Svenkle.TeamCityBuildLight.Infrastructure.csproj", "{82459806-B9A9-4A60-A582-6FED3452A78B}"
EndProject
Project("{FAE04EC0-301F-11D3-BF4B-00C04F79EFBC}") = "Svenkle.TeamCityBuildLight", "src\Svenkle.TeamCityBuildLight\Svenkle.TeamCityBuildLight.csproj", "{C2898E6F-7931-4504-9FF2-37058A9E59D8}"
EndProject
Global
	GlobalSection(SolutionConfigurationPlatforms) = preSolution
		Debug|Any CPU = Debug|Any CPU
		Release|Any CPU = Release|Any CPU
	EndGlobalSection
	GlobalSection(ProjectConfigurationPlatforms) = postSolution
		{82459806-B9A9-4A60-A582-6FED3452A78B}.Debug|Any CPU.ActiveCfg = Debug|Any CPU
		{82459806-B9A9-4A60-A582-6FED3452A78B}.Debug|Any CPU.Build.0 = Debug|Any CPU
		{82459806-B9A9-4A60-A582-6FED3452A78B}.Release|Any CPU.ActiveCfg = Release|Any CPU
		{82459806-B9A9-4A60-A582-6FED3452A78B}.Release|Any CPU.Build.0 = Release|Any CPU
		{C2898E6F-7931-4504-9FF2-37058A9E59D8}.Debug|Any CPU.ActiveCfg = Debug|Any CPU
		{C2898E6F-7931-4504-9FF2-37058A9E59D8}.Debug|Any CPU.Build.0 = Debug|Any CPU
		{C2898E6F-7931-4504-9FF2-37058A9E59D8}.Release|Any CPU.ActiveCfg = Release|Any CPU
		{C2898E6F-7931-4504-9FF2-37058A9E59D8}.Release|Any CPU.Build.0 = Release|Any CPU
	EndGlobalSection
	GlobalSection(SolutionProperties) = preSolution
		HideSolutionNode = FALSE
	EndGlobalSection
	GlobalSection(ExtensibilityGlobals) = postSolution
		SolutionGuid = {39629650-F8EB-4B2B-850C-019BE82BEF5D}
	EndGlobalSection
EndGlobal
